
Microsoft Visual Studio Solution File, Format Version 12.00
# Visual Studio 15
VisualStudioVersion = 15.0.27703.2018
MinimumVisualStudioVersion = 10.0.40219.1
Project("{FAE04EC0-301F-11D3-BF4B-00C04F79EFBC}") = "VanillaNav.Android", "VanillaNav\VanillaNav.Android\VanillaNav.Android.csproj", "{6E7AA85D-5018-4BF1-90A4-D1EA7525C785}"
EndProject
Project("{FAE04EC0-301F-11D3-BF4B-00C04F79EFBC}") = "VanillaNav.iOS", "VanillaNav\VanillaNav.iOS\VanillaNav.iOS.csproj", "{F548B517-06CC-4691-9F71-9F35BE96B782}"
EndProject
Project("{FAE04EC0-301F-11D3-BF4B-00C04F79EFBC}") = "VanillaNav", "VanillaNav\VanillaNav\VanillaNav.csproj", "{0663F5D1-AF9C-4757-AC63-FF146BA1F359}"
EndProject
Global
	GlobalSection(SolutionConfigurationPlatforms) = preSolution
		Ad-Hoc|Any CPU = Ad-Hoc|Any CPU
		Ad-Hoc|iPhone = Ad-Hoc|iPhone
		Ad-Hoc|iPhoneSimulator = Ad-Hoc|iPhoneSimulator
		AppStore|Any CPU = AppStore|Any CPU
		AppStore|iPhone = AppStore|iPhone
		AppStore|iPhoneSimulator = AppStore|iPhoneSimulator
		Debug|Any CPU = Debug|Any CPU
		Debug|iPhone = Debug|iPhone
		Debug|iPhoneSimulator = Debug|iPhoneSimulator
		Release|Any CPU = Release|Any CPU
		Release|iPhone = Release|iPhone
		Release|iPhoneSimulator = Release|iPhoneSimulator
	EndGlobalSection
	GlobalSection(ProjectConfigurationPlatforms) = postSolution
		{6E7AA85D-5018-4BF1-90A4-D1EA7525C785}.Ad-Hoc|Any CPU.ActiveCfg = Release|Any CPU
		{6E7AA85D-5018-4BF1-90A4-D1EA7525C785}.Ad-Hoc|Any CPU.Build.0 = Release|Any CPU
		{6E7AA85D-5018-4BF1-90A4-D1EA7525C785}.Ad-Hoc|Any CPU.Deploy.0 = Release|Any CPU
		{6E7AA85D-5018-4BF1-90A4-D1EA7525C785}.Ad-Hoc|iPhone.ActiveCfg = Release|Any CPU
		{6E7AA85D-5018-4BF1-90A4-D1EA7525C785}.Ad-Hoc|iPhone.Build.0 = Release|Any CPU
		{6E7AA85D-5018-4BF1-90A4-D1EA7525C785}.Ad-Hoc|iPhone.Deploy.0 = Release|Any CPU
		{6E7AA85D-5018-4BF1-90A4-D1EA7525C785}.Ad-Hoc|iPhoneSimulator.ActiveCfg = Release|Any CPU
		{6E7AA85D-5018-4BF1-90A4-D1EA7525C785}.Ad-Hoc|iPhoneSimulator.Build.0 = Release|Any CPU
		{6E7AA85D-5018-4BF1-90A4-D1EA7525C785}.Ad-Hoc|iPhoneSimulator.Deploy.0 = Release|Any CPU
		{6E7AA85D-5018-4BF1-90A4-D1EA7525C785}.AppStore|Any CPU.ActiveCfg = Release|Any CPU
		{6E7AA85D-5018-4BF1-90A4-D1EA7525C785}.AppStore|Any CPU.Build.0 = Release|Any CPU
		{6E7AA85D-5018-4BF1-90A4-D1EA7525C785}.AppStore|Any CPU.Deploy.0 = Release|Any CPU
		{6E7AA85D-5018-4BF1-90A4-D1EA7525C785}.AppStore|iPhone.ActiveCfg = Release|Any CPU
		{6E7AA85D-5018-4BF1-90A4-D1EA7525C785}.AppStore|iPhone.Build.0 = Release|Any CPU
		{6E7AA85D-5018-4BF1-90A4-D1EA7525C785}.AppStore|iPhone.Deploy.0 = Release|Any CPU
		{6E7AA85D-5018-4BF1-90A4-D1EA7525C785}.AppStore|iPhoneSimulator.ActiveCfg = Release|Any CPU
		{6E7AA85D-5018-4BF1-90A4-D1EA7525C785}.AppStore|iPhoneSimulator.Build.0 = Release|Any CPU
		{6E7AA85D-5018-4BF1-90A4-D1EA7525C785}.AppStore|iPhoneSimulator.Deploy.0 = Release|Any CPU
		{6E7AA85D-5018-4BF1-90A4-D1EA7525C785}.Debug|Any CPU.ActiveCfg = Debug|Any CPU
		{6E7AA85D-5018-4BF1-90A4-D1EA7525C785}.Debug|Any CPU.Build.0 = Debug|Any CPU
		{6E7AA85D-5018-4BF1-90A4-D1EA7525C785}.Debug|Any CPU.Deploy.0 = Debug|Any CPU
		{6E7AA85D-5018-4BF1-90A4-D1EA7525C785}.Debug|iPhone.ActiveCfg = Debug|Any CPU
		{6E7AA85D-5018-4BF1-90A4-D1EA7525C785}.Debug|iPhone.Build.0 = Debug|Any CPU
		{6E7AA85D-5018-4BF1-90A4-D1EA7525C785}.Debug|iPhone.Deploy.0 = Debug|Any CPU
		{6E7AA85D-5018-4BF1-90A4-D1EA7525C785}.Debug|iPhoneSimulator.ActiveCfg = Debug|Any CPU
		{6E7AA85D-5018-4BF1-90A4-D1EA7525C785}.Debug|iPhoneSimulator.Build.0 = Debug|Any CPU
		{6E7AA85D-5018-4BF1-90A4-D1EA7525C785}.Debug|iPhoneSimulator.Deploy.0 = Debug|Any CPU
		{6E7AA85D-5018-4BF1-90A4-D1EA7525C785}.Release|Any CPU.ActiveCfg = Release|Any CPU
		{6E7AA85D-5018-4BF1-90A4-D1EA7525C785}.Release|Any CPU.Build.0 = Release|Any CPU
		{6E7AA85D-5018-4BF1-90A4-D1EA7525C785}.Release|Any CPU.Deploy.0 = Release|Any CPU
		{6E7AA85D-5018-4BF1-90A4-D1EA7525C785}.Release|iPhone.ActiveCfg = Release|Any CPU
		{6E7AA85D-5018-4BF1-90A4-D1EA7525C785}.Release|iPhone.Build.0 = Release|Any CPU
		{6E7AA85D-5018-4BF1-90A4-D1EA7525C785}.Release|iPhone.Deploy.0 = Release|Any CPU
		{6E7AA85D-5018-4BF1-90A4-D1EA7525C785}.Release|iPhoneSimulator.ActiveCfg = Release|Any CPU
		{6E7AA85D-5018-4BF1-90A4-D1EA7525C785}.Release|iPhoneSimulator.Build.0 = Release|Any CPU
		{6E7AA85D-5018-4BF1-90A4-D1EA7525C785}.Release|iPhoneSimulator.Deploy.0 = Release|Any CPU
		{F548B517-06CC-4691-9F71-9F35BE96B782}.Ad-Hoc|Any CPU.ActiveCfg = Ad-Hoc|iPhone
		{F548B517-06CC-4691-9F71-9F35BE96B782}.Ad-Hoc|Any CPU.Build.0 = Ad-Hoc|iPhone
		{F548B517-06CC-4691-9F71-9F35BE96B782}.Ad-Hoc|Any CPU.Deploy.0 = Ad-Hoc|iPhone
		{F548B517-06CC-4691-9F71-9F35BE96B782}.Ad-Hoc|iPhone.ActiveCfg = Ad-Hoc|iPhone
		{F548B517-06CC-4691-9F71-9F35BE96B782}.Ad-Hoc|iPhone.Build.0 = Ad-Hoc|iPhone
		{F548B517-06CC-4691-9F71-9F35BE96B782}.Ad-Hoc|iPhone.Deploy.0 = Ad-Hoc|iPhone
		{F548B517-06CC-4691-9F71-9F35BE96B782}.Ad-Hoc|iPhoneSimulator.ActiveCfg = Ad-Hoc|iPhoneSimulator
		{F548B517-06CC-4691-9F71-9F35BE96B782}.Ad-Hoc|iPhoneSimulator.Build.0 = Ad-Hoc|iPhoneSimulator
		{F548B517-06CC-4691-9F71-9F35BE96B782}.Ad-Hoc|iPhoneSimulator.Deploy.0 = Ad-Hoc|iPhoneSimulator
		{F548B517-06CC-4691-9F71-9F35BE96B782}.AppStore|Any CPU.ActiveCfg = AppStore|iPhone
		{F548B517-06CC-4691-9F71-9F35BE96B782}.AppStore|Any CPU.Build.0 = AppStore|iPhone
		{F548B517-06CC-4691-9F71-9F35BE96B782}.AppStore|Any CPU.Deploy.0 = AppStore|iPhone
		{F548B517-06CC-4691-9F71-9F35BE96B782}.AppStore|iPhone.ActiveCfg = AppStore|iPhone
		{F548B517-06CC-4691-9F71-9F35BE96B782}.AppStore|iPhone.Build.0 = AppStore|iPhone
		{F548B517-06CC-4691-9F71-9F35BE96B782}.AppStore|iPhone.Deploy.0 = AppStore|iPhone
		{F548B517-06CC-4691-9F71-9F35BE96B782}.AppStore|iPhoneSimulator.ActiveCfg = AppStore|iPhoneSimulator
		{F548B517-06CC-4691-9F71-9F35BE96B782}.AppStore|iPhoneSimulator.Build.0 = AppStore|iPhoneSimulator
		{F548B517-06CC-4691-9F71-9F35BE96B782}.AppStore|iPhoneSimulator.Deploy.0 = AppStore|iPhoneSimulator
		{F548B517-06CC-4691-9F71-9F35BE96B782}.Debug|Any CPU.ActiveCfg = Debug|iPhoneSimulator
		{F548B517-06CC-4691-9F71-9F35BE96B782}.Debug|Any CPU.Build.0 = Debug|iPhoneSimulator
		{F548B517-06CC-4691-9F71-9F35BE96B782}.Debug|Any CPU.Deploy.0 = Debug|iPhoneSimulator
		{F548B517-06CC-4691-9F71-9F35BE96B782}.Debug|iPhone.ActiveCfg = Debug|iPhone
		{F548B517-06CC-4691-9F71-9F35BE96B782}.Debug|iPhone.Build.0 = Debug|iPhone
		{F548B517-06CC-4691-9F71-9F35BE96B782}.Debug|iPhone.Deploy.0 = Debug|iPhone
		{F548B517-06CC-4691-9F71-9F35BE96B782}.Debug|iPhoneSimulator.ActiveCfg = Debug|iPhoneSimulator
		{F548B517-06CC-4691-9F71-9F35BE96B782}.Debug|iPhoneSimulator.Build.0 = Debug|iPhoneSimulator
		{F548B517-06CC-4691-9F71-9F35BE96B782}.Debug|iPhoneSimulator.Deploy.0 = Debug|iPhoneSimulator
		{F548B517-06CC-4691-9F71-9F35BE96B782}.Release|Any CPU.ActiveCfg = Release|iPhone
		{F548B517-06CC-4691-9F71-9F35BE96B782}.Release|Any CPU.Build.0 = Release|iPhone
		{F548B517-06CC-4691-9F71-9F35BE96B782}.Release|Any CPU.Deploy.0 = Release|iPhone
		{F548B517-06CC-4691-9F71-9F35BE96B782}.Release|iPhone.ActiveCfg = Release|iPhone
		{F548B517-06CC-4691-9F71-9F35BE96B782}.Release|iPhone.Build.0 = Release|iPhone
		{F548B517-06CC-4691-9F71-9F35BE96B782}.Release|iPhone.Deploy.0 = Release|iPhone
		{F548B517-06CC-4691-9F71-9F35BE96B782}.Release|iPhoneSimulator.ActiveCfg = Release|iPhoneSimulator
		{F548B517-06CC-4691-9F71-9F35BE96B782}.Release|iPhoneSimulator.Build.0 = Release|iPhoneSimulator
		{F548B517-06CC-4691-9F71-9F35BE96B782}.Release|iPhoneSimulator.Deploy.0 = Release|iPhoneSimulator
		{0663F5D1-AF9C-4757-AC63-FF146BA1F359}.Ad-Hoc|Any CPU.ActiveCfg = Debug|Any CPU
		{0663F5D1-AF9C-4757-AC63-FF146BA1F359}.Ad-Hoc|Any CPU.Build.0 = Debug|Any CPU
		{0663F5D1-AF9C-4757-AC63-FF146BA1F359}.Ad-Hoc|Any CPU.Deploy.0 = Debug|Any CPU
		{0663F5D1-AF9C-4757-AC63-FF146BA1F359}.Ad-Hoc|iPhone.ActiveCfg = Debug|Any CPU
		{0663F5D1-AF9C-4757-AC63-FF146BA1F359}.Ad-Hoc|iPhone.Build.0 = Debug|Any CPU
		{0663F5D1-AF9C-4757-AC63-FF146BA1F359}.Ad-Hoc|iPhone.Deploy.0 = Debug|Any CPU
		{0663F5D1-AF9C-4757-AC63-FF146BA1F359}.Ad-Hoc|iPhoneSimulator.ActiveCfg = Debug|Any CPU
		{0663F5D1-AF9C-4757-AC63-FF146BA1F359}.Ad-Hoc|iPhoneSimulator.Build.0 = Debug|Any CPU
		{0663F5D1-AF9C-4757-AC63-FF146BA1F359}.Ad-Hoc|iPhoneSimulator.Deploy.0 = Debug|Any CPU
		{0663F5D1-AF9C-4757-AC63-FF146BA1F359}.AppStore|Any CPU.ActiveCfg = Debug|Any CPU
		{0663F5D1-AF9C-4757-AC63-FF146BA1F359}.AppStore|Any CPU.Build.0 = Debug|Any CPU
		{0663F5D1-AF9C-4757-AC63-FF146BA1F359}.AppStore|Any CPU.Deploy.0 = Debug|Any CPU
		{0663F5D1-AF9C-4757-AC63-FF146BA1F359}.AppStore|iPhone.ActiveCfg = Debug|Any CPU
		{0663F5D1-AF9C-4757-AC63-FF146BA1F359}.AppStore|iPhone.Build.0 = Debug|Any CPU
		{0663F5D1-AF9C-4757-AC63-FF146BA1F359}.AppStore|iPhone.Deploy.0 = Debug|Any CPU
		{0663F5D1-AF9C-4757-AC63-FF146BA1F359}.AppStore|iPhoneSimulator.ActiveCfg = Debug|Any CPU
		{0663F5D1-AF9C-4757-AC63-FF146BA1F359}.AppStore|iPhoneSimulator.Build.0 = Debug|Any CPU
		{0663F5D1-AF9C-4757-AC63-FF146BA1F359}.AppStore|iPhoneSimulator.Deploy.0 = Debug|Any CPU
		{0663F5D1-AF9C-4757-AC63-FF146BA1F359}.Debug|Any CPU.ActiveCfg = Debug|Any CPU
		{0663F5D1-AF9C-4757-AC63-FF146BA1F359}.Debug|Any CPU.Build.0 = Debug|Any CPU
		{0663F5D1-AF9C-4757-AC63-FF146BA1F359}.Debug|Any CPU.Deploy.0 = Debug|Any CPU
		{0663F5D1-AF9C-4757-AC63-FF146BA1F359}.Debug|iPhone.ActiveCfg = Debug|Any CPU
		{0663F5D1-AF9C-4757-AC63-FF146BA1F359}.Debug|iPhone.Build.0 = Debug|Any CPU
		{0663F5D1-AF9C-4757-AC63-FF146BA1F359}.Debug|iPhone.Deploy.0 = Debug|Any CPU
		{0663F5D1-AF9C-4757-AC63-FF146BA1F359}.Debug|iPhoneSimulator.ActiveCfg = Debug|Any CPU
		{0663F5D1-AF9C-4757-AC63-FF146BA1F359}.Debug|iPhoneSimulator.Build.0 = Debug|Any CPU
		{0663F5D1-AF9C-4757-AC63-FF146BA1F359}.Debug|iPhoneSimulator.Deploy.0 = Debug|Any CPU
		{0663F5D1-AF9C-4757-AC63-FF146BA1F359}.Release|Any CPU.ActiveCfg = Release|Any CPU
		{0663F5D1-AF9C-4757-AC63-FF146BA1F359}.Release|Any CPU.Build.0 = Release|Any CPU
		{0663F5D1-AF9C-4757-AC63-FF146BA1F359}.Release|Any CPU.Deploy.0 = Release|Any CPU
		{0663F5D1-AF9C-4757-AC63-FF146BA1F359}.Release|iPhone.ActiveCfg = Release|Any CPU
		{0663F5D1-AF9C-4757-AC63-FF146BA1F359}.Release|iPhone.Build.0 = Release|Any CPU
		{0663F5D1-AF9C-4757-AC63-FF146BA1F359}.Release|iPhone.Deploy.0 = Release|Any CPU
		{0663F5D1-AF9C-4757-AC63-FF146BA1F359}.Release|iPhoneSimulator.ActiveCfg = Release|Any CPU
		{0663F5D1-AF9C-4757-AC63-FF146BA1F359}.Release|iPhoneSimulator.Build.0 = Release|Any CPU
		{0663F5D1-AF9C-4757-AC63-FF146BA1F359}.Release|iPhoneSimulator.Deploy.0 = Release|Any CPU
	EndGlobalSection
	GlobalSection(SolutionProperties) = preSolution
		HideSolutionNode = FALSE
	EndGlobalSection
	GlobalSection(ExtensibilityGlobals) = postSolution
		SolutionGuid = {C742F6E5-145E-4B26-B85A-B7BDAB6370E4}
	EndGlobalSection
EndGlobal
